
Microsoft Visual Studio Solution File, Format Version 12.00
# Visual Studio Version 17
VisualStudioVersion = 17.7.34031.279
MinimumVisualStudioVersion = 10.0.40219.1
Project("{8BC9CEB8-8B4A-11D0-8D11-00A0C91BC942}") = "BIDEMainwindow", "BIDEMainwindow\BIDEMainwindow.vcxproj", "{DA3864C2-D69B-4923-B53D-CEE583118B75}"
EndProject
Project("{2150E333-8FDC-42A3-9474-1A3956D46DE8}") = "PluginImportTest", "PluginImportTest", "{811147A6-AE48-425B-9853-58CB717F8BD7}"
EndProject
Project("{2150E333-8FDC-42A3-9474-1A3956D46DE8}") = "FrameDemo", "FrameDemo", "{75F700EA-67B1-41BB-BB41-6FFF8FA8EB7C}"
EndProject
Project("{2150E333-8FDC-42A3-9474-1A3956D46DE8}") = "PluginLocalTest", "PluginLocalTest", "{92683606-84E7-4F73-85FD-074D39963404}"
EndProject
Project("{2150E333-8FDC-42A3-9474-1A3956D46DE8}") = "PluginMuiltiDBTest", "PluginMuiltiDBTest", "{7AAC08AA-E415-458C-B6FE-72CFD83C0869}"
EndProject
Project("{8BC9CEB8-8B4A-11D0-8D11-00A0C91BC942}") = "TextFormatDisplayDemos", "Demos\TextFormatDisplayDemos\TextFormatDisplayDemos.vcxproj", "{D909490A-D99E-4E86-994B-3A804A8E3448}"
EndProject
Project("{8BC9CEB8-8B4A-11D0-8D11-00A0C91BC942}") = "IconDemo2", "Demos\IconDemo2\IconDemo2.vcxproj", "{177318B1-CE1F-4A68-BE15-38C9E44077C4}"
EndProject
Project("{8BC9CEB8-8B4A-11D0-8D11-00A0C91BC942}") = "PositionDemo", "Demos\PositionDemo\PositionDemo.vcxproj", "{11F95543-6D88-498A-BF3C-33C781CCB578}"
EndProject
Project("{8BC9CEB8-8B4A-11D0-8D11-00A0C91BC942}") = "BTQssTestPlugin", "Plugins\BTQssTestPlugin\BTQssTestPlugin.vcxproj", "{1E1BEC4F-17CE-404F-8C6F-B45F801907DA}"
EndProject
Project("{8BC9CEB8-8B4A-11D0-8D11-00A0C91BC942}") = "LoadDemoPlugin", "Plugins\LoadDemoPlugin\LoadDemoPlugin.vcxproj", "{F91056E5-21D7-4C94-A9D7-07AFFDA3090B}"
EndProject
Project("{8BC9CEB8-8B4A-11D0-8D11-00A0C91BC942}") = "MongoPluginTwo", "Plugins\MongoPluginTwo\MongoPluginTwo.vcxproj", "{AA923806-D6C3-4D66-A1D0-B72B0DDA5591}"
EndProject
Project("{8BC9CEB8-8B4A-11D0-8D11-00A0C91BC942}") = "MongoPluginTwo_copy01", "Plugins\MongoPluginTwo-Copy01\MongoPluginTwo.vcxproj", "{A0C7305C-65D9-4C04-BAED-90B02D88C124}"
EndProject
Project("{8BC9CEB8-8B4A-11D0-8D11-00A0C91BC942}") = "InheritDemo", "Demos\InheritDemo\InheritDemo.vcxproj", "{D0086A3D-8CEC-4150-AD2A-338A795505A8}"
EndProject
Global
	GlobalSection(SolutionConfigurationPlatforms) = preSolution
		Debug|x64 = Debug|x64
		Debug|x86 = Debug|x86
		Release|x64 = Release|x64
		Release|x86 = Release|x86
	EndGlobalSection
	GlobalSection(ProjectConfigurationPlatforms) = postSolution
		{DA3864C2-D69B-4923-B53D-CEE583118B75}.Debug|x64.ActiveCfg = Debug|x64
		{DA3864C2-D69B-4923-B53D-CEE583118B75}.Debug|x64.Build.0 = Debug|x64
		{DA3864C2-D69B-4923-B53D-CEE583118B75}.Debug|x86.ActiveCfg = Debug|x64
		{DA3864C2-D69B-4923-B53D-CEE583118B75}.Debug|x86.Build.0 = Debug|x64
		{DA3864C2-D69B-4923-B53D-CEE583118B75}.Release|x64.ActiveCfg = Release|x64
		{DA3864C2-D69B-4923-B53D-CEE583118B75}.Release|x64.Build.0 = Release|x64
		{DA3864C2-D69B-4923-B53D-CEE583118B75}.Release|x86.ActiveCfg = Release|x64
		{DA3864C2-D69B-4923-B53D-CEE583118B75}.Release|x86.Build.0 = Release|x64
		{D909490A-D99E-4E86-994B-3A804A8E3448}.Debug|x64.ActiveCfg = Debug|x64
		{D909490A-D99E-4E86-994B-3A804A8E3448}.Debug|x64.Build.0 = Debug|x64
		{D909490A-D99E-4E86-994B-3A804A8E3448}.Debug|x86.ActiveCfg = Debug|x64
		{D909490A-D99E-4E86-994B-3A804A8E3448}.Debug|x86.Build.0 = Debug|x64
		{D909490A-D99E-4E86-994B-3A804A8E3448}.Release|x64.ActiveCfg = Release|x64
		{D909490A-D99E-4E86-994B-3A804A8E3448}.Release|x64.Build.0 = Release|x64
		{D909490A-D99E-4E86-994B-3A804A8E3448}.Release|x86.ActiveCfg = Release|x64
		{D909490A-D99E-4E86-994B-3A804A8E3448}.Release|x86.Build.0 = Release|x64
		{177318B1-CE1F-4A68-BE15-38C9E44077C4}.Debug|x64.ActiveCfg = Debug|x64
		{177318B1-CE1F-4A68-BE15-38C9E44077C4}.Debug|x64.Build.0 = Debug|x64
		{177318B1-CE1F-4A68-BE15-38C9E44077C4}.Debug|x86.ActiveCfg = Debug|x64
		{177318B1-CE1F-4A68-BE15-38C9E44077C4}.Debug|x86.Build.0 = Debug|x64
		{177318B1-CE1F-4A68-BE15-38C9E44077C4}.Release|x64.ActiveCfg = Release|x64
		{177318B1-CE1F-4A68-BE15-38C9E44077C4}.Release|x64.Build.0 = Release|x64
		{177318B1-CE1F-4A68-BE15-38C9E44077C4}.Release|x86.ActiveCfg = Release|x64
		{177318B1-CE1F-4A68-BE15-38C9E44077C4}.Release|x86.Build.0 = Release|x64
		{11F95543-6D88-498A-BF3C-33C781CCB578}.Debug|x64.ActiveCfg = Debug|x64
		{11F95543-6D88-498A-BF3C-33C781CCB578}.Debug|x64.Build.0 = Debug|x64
		{11F95543-6D88-498A-BF3C-33C781CCB578}.Debug|x86.ActiveCfg = Debug|x64
		{11F95543-6D88-498A-BF3C-33C781CCB578}.Debug|x86.Build.0 = Debug|x64
		{11F95543-6D88-498A-BF3C-33C781CCB578}.Release|x64.ActiveCfg = Release|x64
		{11F95543-6D88-498A-BF3C-33C781CCB578}.Release|x64.Build.0 = Release|x64
		{11F95543-6D88-498A-BF3C-33C781CCB578}.Release|x86.ActiveCfg = Release|x64
		{11F95543-6D88-498A-BF3C-33C781CCB578}.Release|x86.Build.0 = Release|x64
		{1E1BEC4F-17CE-404F-8C6F-B45F801907DA}.Debug|x64.ActiveCfg = Debug|x64
		{1E1BEC4F-17CE-404F-8C6F-B45F801907DA}.Debug|x64.Build.0 = Debug|x64
		{1E1BEC4F-17CE-404F-8C6F-B45F801907DA}.Debug|x86.ActiveCfg = Debug|x64
		{1E1BEC4F-17CE-404F-8C6F-B45F801907DA}.Debug|x86.Build.0 = Debug|x64
		{1E1BEC4F-17CE-404F-8C6F-B45F801907DA}.Release|x64.ActiveCfg = Release|x64
		{1E1BEC4F-17CE-404F-8C6F-B45F801907DA}.Release|x64.Build.0 = Release|x64
		{1E1BEC4F-17CE-404F-8C6F-B45F801907DA}.Release|x86.ActiveCfg = Release|x64
		{1E1BEC4F-17CE-404F-8C6F-B45F801907DA}.Release|x86.Build.0 = Release|x64
		{F91056E5-21D7-4C94-A9D7-07AFFDA3090B}.Debug|x64.ActiveCfg = Debug|x64
		{F91056E5-21D7-4C94-A9D7-07AFFDA3090B}.Debug|x64.Build.0 = Debug|x64
		{F91056E5-21D7-4C94-A9D7-07AFFDA3090B}.Debug|x86.ActiveCfg = Debug|x64
		{F91056E5-21D7-4C94-A9D7-07AFFDA3090B}.Debug|x86.Build.0 = Debug|x64
		{F91056E5-21D7-4C94-A9D7-07AFFDA3090B}.Release|x64.ActiveCfg = Release|x64
		{F91056E5-21D7-4C94-A9D7-07AFFDA3090B}.Release|x64.Build.0 = Release|x64
		{F91056E5-21D7-4C94-A9D7-07AFFDA3090B}.Release|x86.ActiveCfg = Release|x64
		{F91056E5-21D7-4C94-A9D7-07AFFDA3090B}.Release|x86.Build.0 = Release|x64
		{AA923806-D6C3-4D66-A1D0-B72B0DDA5591}.Debug|x64.ActiveCfg = Debug|x64
		{AA923806-D6C3-4D66-A1D0-B72B0DDA5591}.Debug|x64.Build.0 = Debug|x64
		{AA923806-D6C3-4D66-A1D0-B72B0DDA5591}.Debug|x86.ActiveCfg = Debug|x64
		{AA923806-D6C3-4D66-A1D0-B72B0DDA5591}.Debug|x86.Build.0 = Debug|x64
		{AA923806-D6C3-4D66-A1D0-B72B0DDA5591}.Release|x64.ActiveCfg = Release|x64
		{AA923806-D6C3-4D66-A1D0-B72B0DDA5591}.Release|x64.Build.0 = Release|x64
		{AA923806-D6C3-4D66-A1D0-B72B0DDA5591}.Release|x86.ActiveCfg = Release|x64
		{AA923806-D6C3-4D66-A1D0-B72B0DDA5591}.Release|x86.Build.0 = Release|x64
		{A0C7305C-65D9-4C04-BAED-90B02D88C124}.Debug|x64.ActiveCfg = Debug|x64
		{A0C7305C-65D9-4C04-BAED-90B02D88C124}.Debug|x64.Build.0 = Debug|x64
		{A0C7305C-65D9-4C04-BAED-90B02D88C124}.Debug|x86.ActiveCfg = Debug|x64
		{A0C7305C-65D9-4C04-BAED-90B02D88C124}.Debug|x86.Build.0 = Debug|x64
		{A0C7305C-65D9-4C04-BAED-90B02D88C124}.Release|x64.ActiveCfg = Release|x64
		{A0C7305C-65D9-4C04-BAED-90B02D88C124}.Release|x64.Build.0 = Release|x64
		{A0C7305C-65D9-4C04-BAED-90B02D88C124}.Release|x86.ActiveCfg = Release|x64
		{A0C7305C-65D9-4C04-BAED-90B02D88C124}.Release|x86.Build.0 = Release|x64
		{D0086A3D-8CEC-4150-AD2A-338A795505A8}.Debug|x64.ActiveCfg = Debug|x64
		{D0086A3D-8CEC-4150-AD2A-338A795505A8}.Debug|x64.Build.0 = Debug|x64
		{D0086A3D-8CEC-4150-AD2A-338A795505A8}.Debug|x86.ActiveCfg = Debug|Win32
		{D0086A3D-8CEC-4150-AD2A-338A795505A8}.Debug|x86.Build.0 = Debug|Win32
		{D0086A3D-8CEC-4150-AD2A-338A795505A8}.Release|x64.ActiveCfg = Release|x64
		{D0086A3D-8CEC-4150-AD2A-338A795505A8}.Release|x64.Build.0 = Release|x64
		{D0086A3D-8CEC-4150-AD2A-338A795505A8}.Release|x86.ActiveCfg = Release|Win32
		{D0086A3D-8CEC-4150-AD2A-338A795505A8}.Release|x86.Build.0 = Release|Win32
	EndGlobalSection
	GlobalSection(SolutionProperties) = preSolution
		HideSolutionNode = FALSE
	EndGlobalSection
	GlobalSection(NestedProjects) = preSolution
		{D909490A-D99E-4E86-994B-3A804A8E3448} = {75F700EA-67B1-41BB-BB41-6FFF8FA8EB7C}
		{177318B1-CE1F-4A68-BE15-38C9E44077C4} = {75F700EA-67B1-41BB-BB41-6FFF8FA8EB7C}
		{11F95543-6D88-498A-BF3C-33C781CCB578} = {75F700EA-67B1-41BB-BB41-6FFF8FA8EB7C}
		{1E1BEC4F-17CE-404F-8C6F-B45F801907DA} = {92683606-84E7-4F73-85FD-074D39963404}
		{F91056E5-21D7-4C94-A9D7-07AFFDA3090B} = {92683606-84E7-4F73-85FD-074D39963404}
		{AA923806-D6C3-4D66-A1D0-B72B0DDA5591} = {92683606-84E7-4F73-85FD-074D39963404}
		{A0C7305C-65D9-4C04-BAED-90B02D88C124} = {7AAC08AA-E415-458C-B6FE-72CFD83C0869}
		{D0086A3D-8CEC-4150-AD2A-338A795505A8} = {75F700EA-67B1-41BB-BB41-6FFF8FA8EB7C}
	EndGlobalSection
	GlobalSection(ExtensibilityGlobals) = postSolution
		SolutionGuid = {B6C071FA-9BD0-412C-ABA0-676D74F36EA4}
	EndGlobalSection
EndGlobal
